
Microsoft Visual Studio Solution File, Format Version 12.00
# Visual Studio Version 17
VisualStudioVersion = 17.12.35707.178
MinimumVisualStudioVersion = 10.0.40219.1
Project("{FAE04EC0-301F-11D3-BF4B-00C04F79EFBC}") = "SemestralniPrace", "SemestralniPrace\SemestralniPrace.csproj", "{745DD553-245B-45C1-8DFD-9924A1CC172D}"
EndProject
Global
	GlobalSection(SolutionConfigurationPlatforms) = preSolution
		Debug|Any CPU = Debug|Any CPU
		Debug|x64 = Debug|x64
		Debug|x86 = Debug|x86
		Release|Any CPU = Release|Any CPU
		Release|x64 = Release|x64
		Release|x86 = Release|x86
	EndGlobalSection
	GlobalSection(ProjectConfigurationPlatforms) = postSolution
		{745DD553-245B-45C1-8DFD-9924A1CC172D}.Debug|Any CPU.ActiveCfg = Debug|Any CPU
		{745DD553-245B-45C1-8DFD-9924A1CC172D}.Debug|Any CPU.Build.0 = Debug|Any CPU
		{745DD553-245B-45C1-8DFD-9924A1CC172D}.Debug|x64.ActiveCfg = Debug|Any CPU
		{745DD553-245B-45C1-8DFD-9924A1CC172D}.Debug|x64.Build.0 = Debug|Any CPU
		{745DD553-245B-45C1-8DFD-9924A1CC172D}.Debug|x86.ActiveCfg = Debug|Any CPU
		{745DD553-245B-45C1-8DFD-9924A1CC172D}.Debug|x86.Build.0 = Debug|Any CPU
		{745DD553-245B-45C1-8DFD-9924A1CC172D}.Release|Any CPU.ActiveCfg = Release|Any CPU
		{745DD553-245B-45C1-8DFD-9924A1CC172D}.Release|Any CPU.Build.0 = Release|Any CPU
		{745DD553-245B-45C1-8DFD-9924A1CC172D}.Release|x64.ActiveCfg = Release|Any CPU
		{745DD553-245B-45C1-8DFD-9924A1CC172D}.Release|x64.Build.0 = Release|Any CPU
		{745DD553-245B-45C1-8DFD-9924A1CC172D}.Release|x86.ActiveCfg = Release|Any CPU
		{745DD553-245B-45C1-8DFD-9924A1CC172D}.Release|x86.Build.0 = Release|Any CPU
	EndGlobalSection
	GlobalSection(SolutionProperties) = preSolution
		HideSolutionNode = FALSE
	EndGlobalSection
	GlobalSection(ExtensibilityGlobals) = postSolution
		SolutionGuid = {08822609-FB4C-4755-BB9A-664DCDCA6BE9}
	EndGlobalSection
EndGlobal
